// !$*UTF8*$!
{
	archiveVersion = 1;
	classes = {
	};
	objectVersion = 46;
	objects = {

/* Begin PBXBuildFile section */
		4BD623921B1FCEDE0027204D /* AppDelegate.swift in Sources */ = {isa = PBXBuildFile; fileRef = 4BD623911B1FCEDE0027204D /* AppDelegate.swift */; };
		4BD623951B1FCEDE0027204D /* Swift_Beginner.xcdatamodeld in Sources */ = {isa = PBXBuildFile; fileRef = 4BD623931B1FCEDE0027204D /* Swift_Beginner.xcdatamodeld */; };
		4BD623971B1FCEDE0027204D /* ViewController.swift in Sources */ = {isa = PBXBuildFile; fileRef = 4BD623961B1FCEDE0027204D /* ViewController.swift */; };
		4BD6239A1B1FCEDE0027204D /* Main.storyboard in Resources */ = {isa = PBXBuildFile; fileRef = 4BD623981B1FCEDE0027204D /* Main.storyboard */; };
		4BD6239C1B1FCEDE0027204D /* Images.xcassets in Resources */ = {isa = PBXBuildFile; fileRef = 4BD6239B1B1FCEDE0027204D /* Images.xcassets */; };
		4BD6239F1B1FCEDE0027204D /* LaunchScreen.xib in Resources */ = {isa = PBXBuildFile; fileRef = 4BD6239D1B1FCEDE0027204D /* LaunchScreen.xib */; };
		4BD623AB1B1FCEDE0027204D /* Swift_BeginnerTests.swift in Sources */ = {isa = PBXBuildFile; fileRef = 4BD623AA1B1FCEDE0027204D /* Swift_BeginnerTests.swift */; };
/* End PBXBuildFile section */

/* Begin PBXContainerItemProxy section */
		4BD623A51B1FCEDE0027204D /* PBXContainerItemProxy */ = {
			isa = PBXContainerItemProxy;
			containerPortal = 4BD623841B1FCEDE0027204D /* Project object */;
			proxyType = 1;
			remoteGlobalIDString = 4BD6238B1B1FCEDE0027204D;
			remoteInfo = "Swift-Beginner";
		};
/* End PBXContainerItemProxy section */

/* Begin PBXFileReference section */
		4BD6238C1B1FCEDE0027204D /* Swift-Beginner.app */ = {isa = PBXFileReference; explicitFileType = wrapper.application; includeInIndex = 0; path = "Swift-Beginner.app"; sourceTree = BUILT_PRODUCTS_DIR; };
		4BD623901B1FCEDE0027204D /* Info.plist */ = {isa = PBXFileReference; lastKnownFileType = text.plist.xml; path = Info.plist; sourceTree = "<group>"; };
		4BD623911B1FCEDE0027204D /* AppDelegate.swift */ = {isa = PBXFileReference; lastKnownFileType = sourcecode.swift; path = AppDelegate.swift; sourceTree = "<group>"; };
		4BD623941B1FCEDE0027204D /* Swift_Beginner.xcdatamodel */ = {isa = PBXFileReference; lastKnownFileType = wrapper.xcdatamodel; path = Swift_Beginner.xcdatamodel; sourceTree = "<group>"; };
		4BD623961B1FCEDE0027204D /* ViewController.swift */ = {isa = PBXFileReference; lastKnownFileType = sourcecode.swift; path = ViewController.swift; sourceTree = "<group>"; };
		4BD623991B1FCEDE0027204D /* Base */ = {isa = PBXFileReference; lastKnownFileType = file.storyboard; name = Base; path = Base.lproj/Main.storyboard; sourceTree = "<group>"; };
		4BD6239B1B1FCEDE0027204D /* Images.xcassets */ = {isa = PBXFileReference; lastKnownFileType = folder.assetcatalog; path = Images.xcassets; sourceTree = "<group>"; };
		4BD6239E1B1FCEDE0027204D /* Base */ = {isa = PBXFileReference; lastKnownFileType = file.xib; name = Base; path = Base.lproj/LaunchScreen.xib; sourceTree = "<group>"; };
		4BD623A41B1FCEDE0027204D /* Swift-BeginnerTests.xctest */ = {isa = PBXFileReference; explicitFileType = wrapper.cfbundle; includeInIndex = 0; path = "Swift-BeginnerTests.xctest"; sourceTree = BUILT_PRODUCTS_DIR; };
		4BD623A91B1FCEDE0027204D /* Info.plist */ = {isa = PBXFileReference; lastKnownFileType = text.plist.xml; path = Info.plist; sourceTree = "<group>"; };
		4BD623AA1B1FCEDE0027204D /* Swift_BeginnerTests.swift */ = {isa = PBXFileReference; lastKnownFileType = sourcecode.swift; path = Swift_BeginnerTests.swift; sourceTree = "<group>"; };
/* End PBXFileReference section */

/* Begin PBXFrameworksBuildPhase section */
		4BD623891B1FCEDE0027204D /* Frameworks */ = {
			isa = PBXFrameworksBuildPhase;
			buildActionMask = 2147483647;
			files = (
			);
			runOnlyForDeploymentPostprocessing = 0;
		};
		4BD623A11B1FCEDE0027204D /* Frameworks */ = {
			isa = PBXFrameworksBuildPhase;
			buildActionMask = 2147483647;
			files = (
			);
			runOnlyForDeploymentPostprocessing = 0;
		};
/* End PBXFrameworksBuildPhase section */

/* Begin PBXGroup section */
		4BD623831B1FCEDE0027204D = {
			isa = PBXGroup;
			children = (
				4BD6238E1B1FCEDE0027204D /* Swift-Beginner */,
				4BD623A71B1FCEDE0027204D /* Swift-BeginnerTests */,
				4BD6238D1B1FCEDE0027204D /* Products */,
			);
			sourceTree = "<group>";
		};
		4BD6238D1B1FCEDE0027204D /* Products */ = {
			isa = PBXGroup;
			children = (
				4BD6238C1B1FCEDE0027204D /* Swift-Beginner.app */,
				4BD623A41B1FCEDE0027204D /* Swift-BeginnerTests.xctest */,
			);
			name = Products;
			sourceTree = "<group>";
		};
		4BD6238E1B1FCEDE0027204D /* Swift-Beginner */ = {
			isa = PBXGroup;
			children = (
				4BD623911B1FCEDE0027204D /* AppDelegate.swift */,
				4BD623961B1FCEDE0027204D /* ViewController.swift */,
				4BD623981B1FCEDE0027204D /* Main.storyboard */,
				4BD6239B1B1FCEDE0027204D /* Images.xcassets */,
				4BD6239D1B1FCEDE0027204D /* LaunchScreen.xib */,
				4BD623931B1FCEDE0027204D /* Swift_Beginner.xcdatamodeld */,
				4BD6238F1B1FCEDE0027204D /* Supporting Files */,
			);
			path = "Swift-Beginner";
			sourceTree = "<group>";
		};
		4BD6238F1B1FCEDE0027204D /* Supporting Files */ = {
			isa = PBXGroup;
			children = (
				4BD623901B1FCEDE0027204D /* Info.plist */,
			);
			name = "Supporting Files";
			sourceTree = "<group>";
		};
		4BD623A71B1FCEDE0027204D /* Swift-BeginnerTests */ = {
			isa = PBXGroup;
			children = (
				4BD623AA1B1FCEDE0027204D /* Swift_BeginnerTests.swift */,
				4BD623A81B1FCEDE0027204D /* Supporting Files */,
			);
			path = "Swift-BeginnerTests";
			sourceTree = "<group>";
		};
		4BD623A81B1FCEDE0027204D /* Supporting Files */ = {
			isa = PBXGroup;
			children = (
				4BD623A91B1FCEDE0027204D /* Info.plist */,
			);
			name = "Supporting Files";
			sourceTree = "<group>";
		};
/* End PBXGroup section */

/* Begin PBXNativeTarget section */
		4BD6238B1B1FCEDE0027204D /* Swift-Beginner */ = {
			isa = PBXNativeTarget;
			buildConfigurationList = 4BD623AE1B1FCEDE0027204D /* Build configuration list for PBXNativeTarget "Swift-Beginner" */;
			buildPhases = (
				4BD623881B1FCEDE0027204D /* Sources */,
				4BD623891B1FCEDE0027204D /* Frameworks */,
				4BD6238A1B1FCEDE0027204D /* Resources */,
			);
			buildRules = (
			);
			dependencies = (
			);
			name = "Swift-Beginner";
			productName = "Swift-Beginner";
			productReference = 4BD6238C1B1FCEDE0027204D /* Swift-Beginner.app */;
			productType = "com.apple.product-type.application";
		};
		4BD623A31B1FCEDE0027204D /* Swift-BeginnerTests */ = {
			isa = PBXNativeTarget;
			buildConfigurationList = 4BD623B11B1FCEDE0027204D /* Build configuration list for PBXNativeTarget "Swift-BeginnerTests" */;
			buildPhases = (
				4BD623A01B1FCEDE0027204D /* Sources */,
				4BD623A11B1FCEDE0027204D /* Frameworks */,
				4BD623A21B1FCEDE0027204D /* Resources */,
			);
			buildRules = (
			);
			dependencies = (
				4BD623A61B1FCEDE0027204D /* PBXTargetDependency */,
			);
			name = "Swift-BeginnerTests";
			productName = "Swift-BeginnerTests";
			productReference = 4BD623A41B1FCEDE0027204D /* Swift-BeginnerTests.xctest */;
			productType = "com.apple.product-type.bundle.unit-test";
		};
/* End PBXNativeTarget section */

/* Begin PBXProject section */
		4BD623841B1FCEDE0027204D /* Project object */ = {
			isa = PBXProject;
			attributes = {
				LastUpgradeCheck = 0630;
				ORGANIZATIONNAME = "Mariana Medeiro";
				TargetAttributes = {
					4BD6238B1B1FCEDE0027204D = {
						CreatedOnToolsVersion = 6.3.2;
					};
					4BD623A31B1FCEDE0027204D = {
						CreatedOnToolsVersion = 6.3.2;
						TestTargetID = 4BD6238B1B1FCEDE0027204D;
					};
				};
			};
			buildConfigurationList = 4BD623871B1FCEDE0027204D /* Build configuration list for PBXProject "Swift-Beginner" */;
			compatibilityVersion = "Xcode 3.2";
			developmentRegion = English;
			hasScannedForEncodings = 0;
			knownRegions = (
				en,
				Base,
			);
			mainGroup = 4BD623831B1FCEDE0027204D;
			productRefGroup = 4BD6238D1B1FCEDE0027204D /* Products */;
			projectDirPath = "";
			projectRoot = "";
			targets = (
				4BD6238B1B1FCEDE0027204D /* Swift-Beginner */,
				4BD623A31B1FCEDE0027204D /* Swift-BeginnerTests */,
			);
		};
/* End PBXProject section */

/* Begin PBXResourcesBuildPhase section */
		4BD6238A1B1FCEDE0027204D /* Resources */ = {
			isa = PBXResourcesBuildPhase;
			buildActionMask = 2147483647;
			files = (
				4BD6239A1B1FCEDE0027204D /* Main.storyboard in Resources */,
				4BD6239F1B1FCEDE0027204D /* LaunchScreen.xib in Resources */,
				4BD6239C1B1FCEDE0027204D /* Images.xcassets in Resources */,
			);
			runOnlyForDeploymentPostprocessing = 0;
		};
		4BD623A21B1FCEDE0027204D /* Resources */ = {
			isa = PBXResourcesBuildPhase;
			buildActionMask = 2147483647;
			files = (
			);
			runOnlyForDeploymentPostprocessing = 0;
		};
/* End PBXResourcesBuildPhase section */

/* Begin PBXSourcesBuildPhase section */
		4BD623881B1FCEDE0027204D /* Sources */ = {
			isa = PBXSourcesBuildPhase;
			buildActionMask = 2147483647;
			files = (
				4BD623971B1FCEDE0027204D /* ViewController.swift in Sources */,
				4BD623921B1FCEDE0027204D /* AppDelegate.swift in Sources */,
				4BD623951B1FCEDE0027204D /* Swift_Beginner.xcdatamodeld in Sources */,
			);
			runOnlyForDeploymentPostprocessing = 0;
		};
		4BD623A01B1FCEDE0027204D /* Sources */ = {
			isa = PBXSourcesBuildPhase;
			buildActionMask = 2147483647;
			files = (
				4BD623AB1B1FCEDE0027204D /* Swift_BeginnerTests.swift in Sources */,
			);
			runOnlyForDeploymentPostprocessing = 0;
		};
/* End PBXSourcesBuildPhase section */

/* Begin PBXTargetDependency section */
		4BD623A61B1FCEDE0027204D /* PBXTargetDependency */ = {
			isa = PBXTargetDependency;
			target = 4BD6238B1B1FCEDE0027204D /* Swift-Beginner */;
			targetProxy = 4BD623A51B1FCEDE0027204D /* PBXContainerItemProxy */;
		};
/* End PBXTargetDependency section */

/* Begin PBXVariantGroup section */
		4BD623981B1FCEDE0027204D /* Main.storyboard */ = {
			isa = PBXVariantGroup;
			children = (
				4BD623991B1FCEDE0027204D /* Base */,
			);
			name = Main.storyboard;
			sourceTree = "<group>";
		};
		4BD6239D1B1FCEDE0027204D /* LaunchScreen.xib */ = {
			isa = PBXVariantGroup;
			children = (
				4BD6239E1B1FCEDE0027204D /* Base */,
			);
			name = LaunchScreen.xib;
			sourceTree = "<group>";
		};
/* End PBXVariantGroup section */

/* Begin XCBuildConfiguration section */
		4BD623AC1B1FCEDE0027204D /* Debug */ = {
			isa = XCBuildConfiguration;
			buildSettings = {
				ALWAYS_SEARCH_USER_PATHS = NO;
				CLANG_CXX_LANGUAGE_STANDARD = "gnu++0x";
				CLANG_CXX_LIBRARY = "libc++";
				CLANG_ENABLE_MODULES = YES;
				CLANG_ENABLE_OBJC_ARC = YES;
				CLANG_WARN_BOOL_CONVERSION = YES;
				CLANG_WARN_CONSTANT_CONVERSION = YES;
				CLANG_WARN_DIRECT_OBJC_ISA_USAGE = YES_ERROR;
				CLANG_WARN_EMPTY_BODY = YES;
				CLANG_WARN_ENUM_CONVERSION = YES;
				CLANG_WARN_INT_CONVERSION = YES;
				CLANG_WARN_OBJC_ROOT_CLASS = YES_ERROR;
				CLANG_WARN_UNREACHABLE_CODE = YES;
				CLANG_WARN__DUPLICATE_METHOD_MATCH = YES;
				"CODE_SIGN_IDENTITY[sdk=iphoneos*]" = "iPhone Developer";
				COPY_PHASE_STRIP = NO;
				DEBUG_INFORMATION_FORMAT = "dwarf-with-dsym";
				ENABLE_STRICT_OBJC_MSGSEND = YES;
				GCC_C_LANGUAGE_STANDARD = gnu99;
				GCC_DYNAMIC_NO_PIC = NO;
				GCC_NO_COMMON_BLOCKS = YES;
				GCC_OPTIMIZATION_LEVEL = 0;
				GCC_PREPROCESSOR_DEFINITIONS = (
					"DEBUG=1",
					"$(inherited)",
				);
				GCC_SYMBOLS_PRIVATE_EXTERN = NO;
				GCC_WARN_64_TO_32_BIT_CONVERSION = YES;
				GCC_WARN_ABOUT_RETURN_TYPE = YES_ERROR;
				GCC_WARN_UNDECLARED_SELECTOR = YES;
				GCC_WARN_UNINITIALIZED_AUTOS = YES_AGGRESSIVE;
				GCC_WARN_UNUSED_FUNCTION = YES;
				GCC_WARN_UNUSED_VARIABLE = YES;
				IPHONEOS_DEPLOYMENT_TARGET = 8.3;
				MTL_ENABLE_DEBUG_INFO = YES;
				ONLY_ACTIVE_ARCH = YES;
				SDKROOT = iphoneos;
				SWIFT_OPTIMIZATION_LEVEL = "-Onone";
			};
			name = Debug;
		};
		4BD623AD1B1FCEDE0027204D /* Release */ = {
			isa = XCBuildConfiguration;
			buildSettings = {
				ALWAYS_SEARCH_USER_PATHS = NO;
				CLANG_CXX_LANGUAGE_STANDARD = "gnu++0x";
				CLANG_CXX_LIBRARY = "libc++";
				CLANG_ENABLE_MODULES = YES;
				CLANG_ENABLE_OBJC_ARC = YES;
				CLANG_WARN_BOOL_CONVERSION = YES;
				CLANG_WARN_CONSTANT_CONVERSION = YES;
				CLANG_WARN_DIRECT_OBJC_ISA_USAGE = YES_ERROR;
				CLANG_WARN_EMPTY_BODY = YES;
				CLANG_WARN_ENUM_CONVERSION = YES;
				CLANG_WARN_INT_CONVERSION = YES;
				CLANG_WARN_OBJC_ROOT_CLASS = YES_ERROR;
				CLANG_WARN_UNREACHABLE_CODE = YES;
				CLANG_WARN__DUPLICATE_METHOD_MATCH = YES;
				"CODE_SIGN_IDENTITY[sdk=iphoneos*]" = "iPhone Developer";
				COPY_PHASE_STRIP = NO;
				DEBUG_INFORMATION_FORMAT = "dwarf-with-dsym";
				ENABLE_NS_ASSERTIONS = NO;
				ENABLE_STRICT_OBJC_MSGSEND = YES;
				GCC_C_LANGUAGE_STANDARD = gnu99;
				GCC_NO_COMMON_BLOCKS = YES;
				GCC_WARN_64_TO_32_BIT_CONVERSION = YES;
				GCC_WARN_ABOUT_RETURN_TYPE = YES_ERROR;
				GCC_WARN_UNDECLARED_SELECTOR = YES;
				GCC_WARN_UNINITIALIZED_AUTOS = YES_AGGRESSIVE;
				GCC_WARN_UNUSED_FUNCTION = YES;
				GCC_WARN_UNUSED_VARIABLE = YES;
				IPHONEOS_DEPLOYMENT_TARGET = 8.3;
				MTL_ENABLE_DEBUG_INFO = NO;
				SDKROOT = iphoneos;
				VALIDATE_PRODUCT = YES;
			};
			name = Release;
		};
		4BD623AF1B1FCEDE0027204D /* Debug */ = {
			isa = XCBuildConfiguration;
			buildSettings = {
				ASSETCATALOG_COMPILER_APPICON_NAME = AppIcon;
				INFOPLIST_FILE = "Swift-Beginner/Info.plist";
				LD_RUNPATH_SEARCH_PATHS = "$(inherited) @executable_path/Frameworks";
				PRODUCT_NAME = "$(TARGET_NAME)";
			};
			name = Debug;
		};
		4BD623B01B1FCEDE0027204D /* Release */ = {
			isa = XCBuildConfiguration;
			buildSettings = {
				ASSETCATALOG_COMPILER_APPICON_NAME = AppIcon;
				INFOPLIST_FILE = "Swift-Beginner/Info.plist";
				LD_RUNPATH_SEARCH_PATHS = "$(inherited) @executable_path/Frameworks";
				PRODUCT_NAME = "$(TARGET_NAME)";
			};
			name = Release;
		};
		4BD623B21B1FCEDE0027204D /* Debug */ = {
			isa = XCBuildConfiguration;
			buildSettings = {
				BUNDLE_LOADER = "$(TEST_HOST)";
				FRAMEWORK_SEARCH_PATHS = (
					"$(SDKROOT)/Developer/Library/Frameworks",
					"$(inherited)",
				);
				GCC_PREPROCESSOR_DEFINITIONS = (
					"DEBUG=1",
					"$(inherited)",
				);
				INFOPLIST_FILE = "Swift-BeginnerTests/Info.plist";
				LD_RUNPATH_SEARCH_PATHS = "$(inherited) @executable_path/Frameworks @loader_path/Frameworks";
				PRODUCT_NAME = "$(TARGET_NAME)";
				TEST_HOST = "$(BUILT_PRODUCTS_DIR)/Swift-Beginner.app/Swift-Beginner";
			};
			name = Debug;
		};
		4BD623B31B1FCEDE0027204D /* Release */ = {
			isa = XCBuildConfiguration;
			buildSettings = {
				BUNDLE_LOADER = "$(TEST_HOST)";
				FRAMEWORK_SEARCH_PATHS = (
					"$(SDKROOT)/Developer/Library/Frameworks",
					"$(inherited)",
				);
				INFOPLIST_FILE = "Swift-BeginnerTests/Info.plist";
				LD_RUNPATH_SEARCH_PATHS = "$(inherited) @executable_path/Frameworks @loader_path/Frameworks";
				PRODUCT_NAME = "$(TARGET_NAME)";
				TEST_HOST = "$(BUILT_PRODUCTS_DIR)/Swift-Beginner.app/Swift-Beginner";
			};
			name = Release;
		};
/* End XCBuildConfiguration section */

/* Begin XCConfigurationList section */
		4BD623871B1FCEDE0027204D /* Build configuration list for PBXProject "Swift-Beginner" */ = {
			isa = XCConfigurationList;
			buildConfigurations = (
				4BD623AC1B1FCEDE0027204D /* Debug */,
				4BD623AD1B1FCEDE0027204D /* Release */,
			);
			defaultConfigurationIsVisible = 0;
			defaultConfigurationName = Release;
		};
		4BD623AE1B1FCEDE0027204D /* Build configuration list for PBXNativeTarget "Swift-Beginner" */ = {
			isa = XCConfigurationList;
			buildConfigurations = (
				4BD623AF1B1FCEDE0027204D /* Debug */,
				4BD623B01B1FCEDE0027204D /* Release */,
			);
			defaultConfigurationIsVisible = 0;
		};
		4BD623B11B1FCEDE0027204D /* Build configuration list for PBXNativeTarget "Swift-BeginnerTests" */ = {
			isa = XCConfigurationList;
			buildConfigurations = (
				4BD623B21B1FCEDE0027204D /* Debug */,
				4BD623B31B1FCEDE0027204D /* Release */,
			);
			defaultConfigurationIsVisible = 0;
		};
/* End XCConfigurationList section */

/* Begin XCVersionGroup section */
		4BD623931B1FCEDE0027204D /* Swift_Beginner.xcdatamodeld */ = {
			isa = XCVersionGroup;
			children = (
				4BD623941B1FCEDE0027204D /* Swift_Beginner.xcdatamodel */,
			);
			currentVersion = 4BD623941B1FCEDE0027204D /* Swift_Beginner.xcdatamodel */;
			path = Swift_Beginner.xcdatamodeld;
			sourceTree = "<group>";
			versionGroupType = wrapper.xcdatamodel;
		};
/* End XCVersionGroup section */
	};
	rootObject = 4BD623841B1FCEDE0027204D /* Project object */;
}
